
Microsoft Visual Studio Solution File, Format Version 12.00
# Visual Studio Version 16
VisualStudioVersion = 16.0.31005.135
MinimumVisualStudioVersion = 10.0.40219.1
Project("{FAE04EC0-301F-11D3-BF4B-00C04F79EFBC}") = "Ejercicio3AnalisisGuia6", "Ejercicio3AnalisisGuia6\Ejercicio3AnalisisGuia6.csproj", "{F7E1BF31-09FA-4A9A-A367-ED49E20B91C1}"
EndProject
Global
	GlobalSection(SolutionConfigurationPlatforms) = preSolution
		Debug|Any CPU = Debug|Any CPU
		Release|Any CPU = Release|Any CPU
	EndGlobalSection
	GlobalSection(ProjectConfigurationPlatforms) = postSolution
		{F7E1BF31-09FA-4A9A-A367-ED49E20B91C1}.Debug|Any CPU.ActiveCfg = Debug|Any CPU
		{F7E1BF31-09FA-4A9A-A367-ED49E20B91C1}.Debug|Any CPU.Build.0 = Debug|Any CPU
		{F7E1BF31-09FA-4A9A-A367-ED49E20B91C1}.Release|Any CPU.ActiveCfg = Release|Any CPU
		{F7E1BF31-09FA-4A9A-A367-ED49E20B91C1}.Release|Any CPU.Build.0 = Release|Any CPU
	EndGlobalSection
	GlobalSection(SolutionProperties) = preSolution
		HideSolutionNode = FALSE
	EndGlobalSection
	GlobalSection(ExtensibilityGlobals) = postSolution
		SolutionGuid = {553F0340-F7DE-405B-8C14-DC0076421CCA}
	EndGlobalSection
EndGlobal
